
Microsoft Visual Studio Solution File, Format Version 12.00
# Visual Studio 14
VisualStudioVersion = 14.0.25420.1
MinimumVisualStudioVersion = 10.0.40219.1
Project("{FAE04EC0-301F-11D3-BF4B-00C04F79EFBC}") = "DuplicatedStrings", "DuplicatedStrings\DuplicatedStrings.csproj", "{8B7675A5-7B29-45EB-BA12-B0F17472AE5C}"
EndProject
Global
	GlobalSection(SolutionConfigurationPlatforms) = preSolution
		Debug|Any CPU = Debug|Any CPU
		Debug|x64 = Debug|x64
		Release|Any CPU = Release|Any CPU
		Release|x64 = Release|x64
	EndGlobalSection
	GlobalSection(ProjectConfigurationPlatforms) = postSolution
		{8B7675A5-7B29-45EB-BA12-B0F17472AE5C}.Debug|Any CPU.ActiveCfg = Debug|Any CPU
		{8B7675A5-7B29-45EB-BA12-B0F17472AE5C}.Debug|Any CPU.Build.0 = Debug|Any CPU
		{8B7675A5-7B29-45EB-BA12-B0F17472AE5C}.Debug|x64.ActiveCfg = Debug|x64
		{8B7675A5-7B29-45EB-BA12-B0F17472AE5C}.Debug|x64.Build.0 = Debug|x64
		{8B7675A5-7B29-45EB-BA12-B0F17472AE5C}.Release|Any CPU.ActiveCfg = Release|Any CPU
		{8B7675A5-7B29-45EB-BA12-B0F17472AE5C}.Release|Any CPU.Build.0 = Release|Any CPU
		{8B7675A5-7B29-45EB-BA12-B0F17472AE5C}.Release|x64.ActiveCfg = Release|x64
		{8B7675A5-7B29-45EB-BA12-B0F17472AE5C}.Release|x64.Build.0 = Release|x64
	EndGlobalSection
	GlobalSection(SolutionProperties) = preSolution
		HideSolutionNode = FALSE
	EndGlobalSection
	GlobalSection(TeamFoundationVersionControl) = preSolution
		SccNumberOfProjects = 2
		SccEnterpriseProvider = {4CA58AB2-18FA-4F8D-95D4-32DDF27D184C}
		SccTeamFoundationServer = https://cnasarre.visualstudio.com/defaultcollection
		SccLocalPath0 = .
		SccProjectUniqueName1 = DuplicatedStrings\\DuplicatedStrings.csproj
		SccProjectName1 = DuplicatedStrings
		SccLocalPath1 = DuplicatedStrings
	EndGlobalSection
EndGlobal
